
Microsoft Visual Studio Solution File, Format Version 12.00
# Visual Studio Version 17
VisualStudioVersion = 17.11.35208.52
MinimumVisualStudioVersion = 10.0.40219.1
Project("{8BC9CEB8-8B4A-11D0-8D11-00A0C91BC942}") = "JoyReceiver++", "joyReceiver++.vcxproj", "{9284149C-2E8C-4159-9C86-B4173DD20ABB}"
EndProject
Project("{8BC9CEB8-8B4A-11D0-8D11-00A0C91BC942}") = "JoyReceiver_tUI", "..\JoyReceiver_tUI\JoyReceiver_tUI.vcxproj", "{ED96FC87-FACF-471D-AB23-7BAB71AFE77B}"
EndProject
Global
	GlobalSection(SolutionConfigurationPlatforms) = preSolution
		Debug|x64 = Debug|x64
		Debug|x86 = Debug|x86
		Release|x64 = Release|x64
		Release|x86 = Release|x86
	EndGlobalSection
	GlobalSection(ProjectConfigurationPlatforms) = postSolution
		{9284149C-2E8C-4159-9C86-B4173DD20ABB}.Debug|x64.ActiveCfg = Debug|x64
		{9284149C-2E8C-4159-9C86-B4173DD20ABB}.Debug|x64.Build.0 = Debug|x64
		{9284149C-2E8C-4159-9C86-B4173DD20ABB}.Debug|x86.ActiveCfg = Debug|Win32
		{9284149C-2E8C-4159-9C86-B4173DD20ABB}.Debug|x86.Build.0 = Debug|Win32
		{9284149C-2E8C-4159-9C86-B4173DD20ABB}.Release|x64.ActiveCfg = Release|x64
		{9284149C-2E8C-4159-9C86-B4173DD20ABB}.Release|x64.Build.0 = Release|x64
		{9284149C-2E8C-4159-9C86-B4173DD20ABB}.Release|x86.ActiveCfg = Release|Win32
		{9284149C-2E8C-4159-9C86-B4173DD20ABB}.Release|x86.Build.0 = Release|Win32
		{ED96FC87-FACF-471D-AB23-7BAB71AFE77B}.Debug|x64.ActiveCfg = Debug|x64
		{ED96FC87-FACF-471D-AB23-7BAB71AFE77B}.Debug|x64.Build.0 = Debug|x64
		{ED96FC87-FACF-471D-AB23-7BAB71AFE77B}.Debug|x86.ActiveCfg = Debug|Win32
		{ED96FC87-FACF-471D-AB23-7BAB71AFE77B}.Debug|x86.Build.0 = Debug|Win32
		{ED96FC87-FACF-471D-AB23-7BAB71AFE77B}.Release|x64.ActiveCfg = Release|x64
		{ED96FC87-FACF-471D-AB23-7BAB71AFE77B}.Release|x64.Build.0 = Release|x64
		{ED96FC87-FACF-471D-AB23-7BAB71AFE77B}.Release|x86.ActiveCfg = Release|Win32
		{ED96FC87-FACF-471D-AB23-7BAB71AFE77B}.Release|x86.Build.0 = Release|Win32
	EndGlobalSection
	GlobalSection(SolutionProperties) = preSolution
		HideSolutionNode = FALSE
	EndGlobalSection
	GlobalSection(ExtensibilityGlobals) = postSolution
		SolutionGuid = {D9ADC201-3613-4BCF-9871-75290EB73F5E}
	EndGlobalSection
EndGlobal
